
Microsoft Visual Studio Solution File, Format Version 12.00
# Visual Studio Version 16
VisualStudioVersion = 16.0.31624.102
MinimumVisualStudioVersion = 10.0.40219.1
Project("{FAE04EC0-301F-11D3-BF4B-00C04F79EFBC}") = "curso.api", "curso.api\curso.api.csproj", "{5FF1EDF7-462C-438E-9388-A25CAE7FCB14}"
EndProject
Global
	GlobalSection(SolutionConfigurationPlatforms) = preSolution
		Debug|Any CPU = Debug|Any CPU
		Release|Any CPU = Release|Any CPU
	EndGlobalSection
	GlobalSection(ProjectConfigurationPlatforms) = postSolution
		{5FF1EDF7-462C-438E-9388-A25CAE7FCB14}.Debug|Any CPU.ActiveCfg = Debug|Any CPU
		{5FF1EDF7-462C-438E-9388-A25CAE7FCB14}.Debug|Any CPU.Build.0 = Debug|Any CPU
		{5FF1EDF7-462C-438E-9388-A25CAE7FCB14}.Release|Any CPU.ActiveCfg = Release|Any CPU
		{5FF1EDF7-462C-438E-9388-A25CAE7FCB14}.Release|Any CPU.Build.0 = Release|Any CPU
	EndGlobalSection
	GlobalSection(SolutionProperties) = preSolution
		HideSolutionNode = FALSE
	EndGlobalSection
	GlobalSection(ExtensibilityGlobals) = postSolution
		SolutionGuid = {44D4EA77-4A01-454B-8431-DFBAD9BC2214}
	EndGlobalSection
EndGlobal
